
Microsoft Visual Studio Solution File, Format Version 12.00
# Visual Studio Version 16
VisualStudioVersion = 16.0.31205.134
MinimumVisualStudioVersion = 10.0.40219.1
Project("{9A19103F-16F7-4668-BE54-9A1E7A4F7556}") = "SiemTeleBot", "SiemTeleBot\SiemTeleBot.csproj", "{506EE19F-82EA-4B07-8D0C-CB269EED5EC7}"
EndProject
Project("{9A19103F-16F7-4668-BE54-9A1E7A4F7556}") = "Model", "Model\Model.csproj", "{79A6BED6-B841-4A94-AD60-9349C24C98BD}"
EndProject
Project("{FAE04EC0-301F-11D3-BF4B-00C04F79EFBC}") = "SiemTeleBot_WPF", "SiemTeleBot_WPF\SiemTeleBot_WPF.csproj", "{4410634E-64BF-40F3-8574-B0D46D889209}"
EndProject
Global
	GlobalSection(SolutionConfigurationPlatforms) = preSolution
		Debug|Any CPU = Debug|Any CPU
		Release|Any CPU = Release|Any CPU
	EndGlobalSection
	GlobalSection(ProjectConfigurationPlatforms) = postSolution
		{506EE19F-82EA-4B07-8D0C-CB269EED5EC7}.Debug|Any CPU.ActiveCfg = Debug|Any CPU
		{506EE19F-82EA-4B07-8D0C-CB269EED5EC7}.Debug|Any CPU.Build.0 = Debug|Any CPU
		{506EE19F-82EA-4B07-8D0C-CB269EED5EC7}.Release|Any CPU.ActiveCfg = Release|Any CPU
		{506EE19F-82EA-4B07-8D0C-CB269EED5EC7}.Release|Any CPU.Build.0 = Release|Any CPU
		{79A6BED6-B841-4A94-AD60-9349C24C98BD}.Debug|Any CPU.ActiveCfg = Debug|Any CPU
		{79A6BED6-B841-4A94-AD60-9349C24C98BD}.Debug|Any CPU.Build.0 = Debug|Any CPU
		{79A6BED6-B841-4A94-AD60-9349C24C98BD}.Release|Any CPU.ActiveCfg = Release|Any CPU
		{79A6BED6-B841-4A94-AD60-9349C24C98BD}.Release|Any CPU.Build.0 = Release|Any CPU
		{4410634E-64BF-40F3-8574-B0D46D889209}.Debug|Any CPU.ActiveCfg = Debug|Any CPU
		{4410634E-64BF-40F3-8574-B0D46D889209}.Debug|Any CPU.Build.0 = Debug|Any CPU
		{4410634E-64BF-40F3-8574-B0D46D889209}.Release|Any CPU.ActiveCfg = Release|Any CPU
		{4410634E-64BF-40F3-8574-B0D46D889209}.Release|Any CPU.Build.0 = Release|Any CPU
	EndGlobalSection
	GlobalSection(SolutionProperties) = preSolution
		HideSolutionNode = FALSE
	EndGlobalSection
	GlobalSection(ExtensibilityGlobals) = postSolution
		SolutionGuid = {5E2E5066-5B3B-4C35-9F46-F65A2A42311E}
	EndGlobalSection
EndGlobal
